lockfileVersion: '9.0'

settings:
  autoInstallPeers: true
  excludeLinksFromLockfile: false

importers:

  .:
    dependencies:
      standard-changelog:
        specifier: ^7.0.1
        version: 7.0.1(conventional-commits-filter@5.0.0)(conventional-commits-parser@6.3.0)

packages:

  '@conventional-changelog/git-client@2.6.0':
    resolution: {integrity: sha512-T+uPDciKf0/ioNNDpMGc8FDsehJClZP0yR3Q5MN6wE/Y/1QZ7F+80OgznnTCOlMEG4AV0LvH2UJi3C/nBnaBUg==}
    engines: {node: '>=18'}
    peerDependencies:
      conventional-commits-filter: ^5.0.0
      conventional-commits-parser: ^6.3.0
    peerDependenciesMeta:
      conventional-commits-filter:
        optional: true
      conventional-commits-parser:
        optional: true

  '@simple-libs/child-process-utils@1.0.2':
    resolution: {integrity: sha512-/4R8QKnd/8agJynkNdJmNw2MBxuFTRcNFnE5Sg/G+jkSsV8/UBgULMzhizWWW42p8L5H7flImV2ATi79Ove2Tw==}
    engines: {node: '>=18'}

  '@simple-libs/hosted-git-info@1.0.2':
    resolution: {integrity: sha512-aAmGQdMH+ZinytKuA2832u0ATeOFNYNk4meBEXtB5xaPotUgggYNhq5tYU/v17wEbmTW5P9iHNqNrFyrhnqBAg==}
    engines: {node: '>=18'}

  '@simple-libs/stream-utils@1.2.0':
    resolution: {integrity: sha512-KxXvfapcixpz6rVEB6HPjOUZT22yN6v0vI0urQSk1L8MlEWPDFCZkhw2xmkyoTGYeFw7tWTZd7e3lVzRZRN/EA==}
    engines: {node: '>=18'}

  '@types/normalize-package-data@2.4.4':
    resolution: {integrity: sha512-37i+OaWTh9qeK4LSHPsyRC7NahnGotNuZvjLSgcPzblpHB3rrCJxAOgI5gCdKm7coonsaX1Of0ILiTcnZjbfxA==}

  array-ify@1.0.0:
    resolution: {integrity: sha512-c5AMf34bKdvPhQ7tBGhqkgKNUzMr4WUs+WDtC2ZUGOUncbxKMTvqxYctiseW3+L4bA8ec+GcZ6/A/FW4m8ukng==}

  compare-func@2.0.0:
    resolution: {integrity: sha512-zHig5N+tPWARooBnb0Zx1MFcdfpyJrfTJ3Y5L+IFvUm8rM74hHz66z0gw0x4tijh5CorKkKUCnW82R2vmpeCRA==}

  conventional-changelog-angular@8.3.0:
    resolution: {integrity: sha512-DOuBwYSqWzfwuRByY9O4oOIvDlkUCTDzfbOgcSbkY+imXXj+4tmrEFao3K+FxemClYfYnZzsvudbwrhje9VHDA==}
    engines: {node: '>=18'}

  conventional-changelog-preset-loader@5.0.0:
    resolution: {integrity: sha512-SetDSntXLk8Jh1NOAl1Gu5uLiCNSYenB5tm0YVeZKePRIgDW9lQImromTwLa3c/Gae298tsgOM+/CYT9XAl0NA==}
    engines: {node: '>=18'}

  conventional-changelog-writer@8.4.0:
    resolution: {integrity: sha512-HHBFkk1EECxxmCi4CTu091iuDpQv5/OavuCUAuZmrkWpmYfyD816nom1CvtfXJ/uYfAAjavgHvXHX291tSLK8g==}
    engines: {node: '>=18'}
    hasBin: true

  conventional-changelog@7.2.0:
    resolution: {integrity: sha512-BEdgG+vPl53EVlTTk9sZ96aagFp0AQ5pw/ggiQMy2SClLbTo1r0l+8dSg79gkLOO5DS1Lswuhp5fWn6RwE+ivg==}
    engines: {node: '>=18'}
    hasBin: true

  conventional-commits-filter@5.0.0:
    resolution: {integrity: sha512-tQMagCOC59EVgNZcC5zl7XqO30Wki9i9J3acbUvkaosCT6JX3EeFwJD7Qqp4MCikRnzS18WXV3BLIQ66ytu6+Q==}
    engines: {node: '>=18'}

  conventional-commits-parser@6.3.0:
    resolution: {integrity: sha512-RfOq/Cqy9xV9bOA8N+ZH6DlrDR+5S3Mi0B5kACEjESpE+AviIpAptx9a9cFpWCCvgRtWT+0BbUw+e1BZfts9jg==}
    engines: {node: '>=18'}
    hasBin: true

  dot-prop@5.3.0:
    resolution: {integrity: sha512-QM8q3zDe58hqUqjraQOmzZ1LIH9SWQJTlEKCH4kJ2oQvLZk7RbQXvtDM2XEq3fwkV9CCvvH4LA0AV+ogFsBM2Q==}
    engines: {node: '>=8'}

  fd-package-json@2.0.0:
    resolution: {integrity: sha512-jKmm9YtsNXN789RS/0mSzOC1NUq9mkVd65vbSSVsKdjGvYXBuE4oWe2QOEoFeRmJg+lPuZxpmrfFclNhoRMneQ==}

  handlebars@4.7.8:
    resolution: {integrity: sha512-vafaFqs8MZkRrSX7sFVUdo3ap/eNiLnb4IakshzvP56X5Nr1iGKAIqdX6tMlm6HcNRIkr6AxO5jFEoJzzpT8aQ==}
    engines: {node: '>=0.4.7'}
    hasBin: true

  hosted-git-info@8.1.0:
    resolution: {integrity: sha512-Rw/B2DNQaPBICNXEm8balFz9a6WpZrkCGpcWFpy7nCj+NyhSdqXipmfvtmWt9xGfp0wZnBxB+iVpLmQMYt47Tw==}
    engines: {node: ^18.17.0 || >=20.5.0}

  is-obj@2.0.0:
    resolution: {integrity: sha512-drqDG3cbczxxEJRoOXcOjtdp1J/lyp1mNn0xaznRs8+muBhgQcrnbspox5X5fOw0HnMnbfDzvnEMEtqDEJEo8w==}
    engines: {node: '>=8'}

  lru-cache@10.4.3:
    resolution: {integrity: sha512-JNAzZcXrCt42VGLuYz0zfAzDfAvJWW6AfYlDBQyDV5DClI2m5sAmK+OIO7s59XfsRsWHp02jAJrRadPRGTt6SQ==}

  meow@13.2.0:
    resolution: {integrity: sha512-pxQJQzB6djGPXh08dacEloMFopsOqGVRKFPYvPOt9XDZ1HasbgDZA74CJGreSU4G3Ak7EFJGoiH2auq+yXISgA==}
    engines: {node: '>=18'}

  minimist@1.2.8:
    resolution: {integrity: sha512-2yyAR8qBkN3YuheJanUpWC5U3bb5osDywNB8RzDVlDwDHbocAJveqqj1u8+SVD7jkWT4yvsHCpWqqWqAxb0zCA==}

  neo-async@2.6.2:
    resolution: {integrity: sha512-Yd3UES5mWCSqR+qNT93S3UoYUkqAZ9lLg8a7g9rimsWmYGK8cVToA4/sF3RrshdyV3sAGMXVUmpMYOw+dLpOuw==}

  normalize-package-data@7.0.1:
    resolution: {integrity: sha512-linxNAT6M0ebEYZOx2tO6vBEFsVgnPpv+AVjk0wJHfaUIbq31Jm3T6vvZaarnOeWDh8ShnwXuaAyM7WT3RzErA==}
    engines: {node: ^18.17.0 || >=20.5.0}

  semver@7.7.4:
    resolution: {integrity: sha512-vFKC2IEtQnVhpT78h1Yp8wzwrf8CM+MzKMHGJZfBtzhZNycRFnXsHk6E5TxIkkMsgNS7mdX3AGB7x2QM2di4lA==}
    engines: {node: '>=10'}
    hasBin: true

  source-map@0.6.1:
    resolution: {integrity: sha512-UjgapumWlbMhkBgzT7Ykc5YXUT46F0iKu8SGXq0bcwP5dz/h0Plj6enJqjz1Zbq2l5WaqYnrVbwWOWMyF3F47g==}
    engines: {node: '>=0.10.0'}

  spdx-correct@3.2.0:
    resolution: {integrity: sha512-kN9dJbvnySHULIluDHy32WHRUu3Og7B9sbY7tsFLctQkIqnMh3hErYgdMjTYuqmcXX+lK5T1lnUt3G7zNswmZA==}

  spdx-exceptions@2.5.0:
    resolution: {integrity: sha512-PiU42r+xO4UbUS1buo3LPJkjlO7430Xn5SVAhdpzzsPHsjbYVflnnFdATgabnLude+Cqu25p6N+g2lw/PFsa4w==}

  spdx-expression-parse@3.0.1:
    resolution: {integrity: sha512-cbqHunsQWnJNE6KhVSMsMeH5H/L9EpymbzqTQ3uLwNCLZ1Q481oWaofqH7nO6V07xlXwY6PhQdQ2IedWx/ZK4Q==}

  spdx-license-ids@3.0.23:
    resolution: {integrity: sha512-CWLcCCH7VLu13TgOH+r8p1O/Znwhqv/dbb6lqWy67G+pT1kHmeD/+V36AVb/vq8QMIQwVShJ6Ssl5FPh0fuSdw==}

  standard-changelog@7.0.1:
    resolution: {integrity: sha512-T6zle1D8PEaOgIUM+SkEOpCitwCK3Belm133HcHE46SI0awk6tL+SSpB+utVCoH8Yk0hdKQxs4pNDVXlOf9ggw==}
    engines: {node: '>=18'}
    hasBin: true

  uglify-js@3.19.3:
    resolution: {integrity: sha512-v3Xu+yuwBXisp6QYTcH4UbH+xYJXqnq2m/LtQVWKWzYc1iehYnLixoQDN9FH6/j9/oybfd6W9Ghwkl8+UMKTKQ==}
    engines: {node: '>=0.8.0'}
    hasBin: true

  validate-npm-package-license@3.0.4:
    resolution: {integrity: sha512-DpKm2Ui/xN7/HQKCtpZxoRWBhZ9Z0kqtygG8XCgNQ8ZlDnxuQmWhj566j8fN4Cu3/JmbhsDo7fcAJq4s9h27Ew==}

  walk-up-path@4.0.0:
    resolution: {integrity: sha512-3hu+tD8YzSLGuFYtPRb48vdhKMi0KQV5sn+uWr8+7dMEq/2G/dtLrdDinkLjqq5TIbIBjYJ4Ax/n3YiaW7QM8A==}
    engines: {node: 20 || >=22}

  wordwrap@1.0.0:
    resolution: {integrity: sha512-gvVzJFlPycKc5dZN4yPkP8w7Dc37BtP1yczEneOb4uq34pXZcvrtRTmWV8W+Ume+XCxKgbjM+nevkyFPMybd4Q==}

snapshots:

  '@conventional-changelog/git-client@2.6.0(conventional-commits-filter@5.0.0)(conventional-commits-parser@6.3.0)':
    dependencies:
      '@simple-libs/child-process-utils': 1.0.2
      '@simple-libs/stream-utils': 1.2.0
      semver: 7.7.4
    optionalDependencies:
      conventional-commits-filter: 5.0.0
      conventional-commits-parser: 6.3.0

  '@simple-libs/child-process-utils@1.0.2':
    dependencies:
      '@simple-libs/stream-utils': 1.2.0

  '@simple-libs/hosted-git-info@1.0.2': {}

  '@simple-libs/stream-utils@1.2.0': {}

  '@types/normalize-package-data@2.4.4': {}

  array-ify@1.0.0: {}

  compare-func@2.0.0:
    dependencies:
      array-ify: 1.0.0
      dot-prop: 5.3.0

  conventional-changelog-angular@8.3.0:
    dependencies:
      compare-func: 2.0.0

  conventional-changelog-preset-loader@5.0.0: {}

  conventional-changelog-writer@8.4.0:
    dependencies:
      '@simple-libs/stream-utils': 1.2.0
      conventional-commits-filter: 5.0.0
      handlebars: 4.7.8
      meow: 13.2.0
      semver: 7.7.4

  conventional-changelog@7.2.0(conventional-commits-filter@5.0.0):
    dependencies:
      '@conventional-changelog/git-client': 2.6.0(conventional-commits-filter@5.0.0)(conventional-commits-parser@6.3.0)
      '@simple-libs/hosted-git-info': 1.0.2
      '@types/normalize-package-data': 2.4.4
      conventional-changelog-preset-loader: 5.0.0
      conventional-changelog-writer: 8.4.0
      conventional-commits-parser: 6.3.0
      fd-package-json: 2.0.0
      meow: 13.2.0
      normalize-package-data: 7.0.1
    transitivePeerDependencies:
      - conventional-commits-filter

  conventional-commits-filter@5.0.0: {}

  conventional-commits-parser@6.3.0:
    dependencies:
      '@simple-libs/stream-utils': 1.2.0
      meow: 13.2.0

  dot-prop@5.3.0:
    dependencies:
      is-obj: 2.0.0

  fd-package-json@2.0.0:
    dependencies:
      walk-up-path: 4.0.0

  handlebars@4.7.8:
    dependencies:
      minimist: 1.2.8
      neo-async: 2.6.2
      source-map: 0.6.1
      wordwrap: 1.0.0
    optionalDependencies:
      uglify-js: 3.19.3

  hosted-git-info@8.1.0:
    dependencies:
      lru-cache: 10.4.3

  is-obj@2.0.0: {}

  lru-cache@10.4.3: {}

  meow@13.2.0: {}

  minimist@1.2.8: {}

  neo-async@2.6.2: {}

  normalize-package-data@7.0.1:
    dependencies:
      hosted-git-info: 8.1.0
      semver: 7.7.4
      validate-npm-package-license: 3.0.4

  semver@7.7.4: {}

  source-map@0.6.1: {}

  spdx-correct@3.2.0:
    dependencies:
      spdx-expression-parse: 3.0.1
      spdx-license-ids: 3.0.23

  spdx-exceptions@2.5.0: {}

  spdx-expression-parse@3.0.1:
    dependencies:
      spdx-exceptions: 2.5.0
      spdx-license-ids: 3.0.23

  spdx-license-ids@3.0.23: {}

  standard-changelog@7.0.1(conventional-commits-filter@5.0.0)(conventional-commits-parser@6.3.0):
    dependencies:
      '@conventional-changelog/git-client': 2.6.0(conventional-commits-filter@5.0.0)(conventional-commits-parser@6.3.0)
      conventional-changelog: 7.2.0(conventional-commits-filter@5.0.0)
      conventional-changelog-angular: 8.3.0
      meow: 13.2.0
    transitivePeerDependencies:
      - conventional-commits-filter
      - conventional-commits-parser

  uglify-js@3.19.3:
    optional: true

  validate-npm-package-license@3.0.4:
    dependencies:
      spdx-correct: 3.2.0
      spdx-expression-parse: 3.0.1

  walk-up-path@4.0.0: {}

  wordwrap@1.0.0: {}
